
Microsoft Visual Studio Solution File, Format Version 12.00
# Visual Studio Version 17
VisualStudioVersion = 17.11.35303.130
MinimumVisualStudioVersion = 10.0.40219.1
Project("{2150E333-8FDC-42A3-9474-1A3956D46DE8}") = "Task0", "Task0", "{40C068C5-E2B5-468F-ADB9-2DBF40A8517C}"
EndProject
Project("{9A19103F-16F7-4668-BE54-9A1E7A4F7556}") = "Tyuiu.SinitsinDV.Sprint3.Task0.V24", "Tyuiu.SinitsinDV.Sprint3.Task0.V24\Tyuiu.SinitsinDV.Sprint3.Task0.V24.csproj", "{581747C7-896F-47F7-9A8F-336AC82A631C}"
EndProject
Project("{9A19103F-16F7-4668-BE54-9A1E7A4F7556}") = "Tyuiu.SinitsinDV.Sprint3.Task0.V24.Lib", "Tyuiu.SinitsinDV.Sprint3.Task0.V24.Lib\Tyuiu.SinitsinDV.Sprint3.Task0.V24.Lib.csproj", "{76F862B3-013E-4B12-B447-3B0666AA9194}"
EndProject
Project("{9A19103F-16F7-4668-BE54-9A1E7A4F7556}") = "Tyuiu.SinitsinDV.Sprint3.Task0.V24.Test", "Tyuiu.SinitsinDV.Sprint3.Task0.V24.Test\Tyuiu.SinitsinDV.Sprint3.Task0.V24.Test.csproj", "{DC8A53E5-9560-4B60-92FE-BF95F1B171EA}"
EndProject
Project("{2150E333-8FDC-42A3-9474-1A3956D46DE8}") = "Task1", "Task1", "{95EEF305-6AD6-40EA-A659-9D86FB99B413}"
EndProject
Project("{9A19103F-16F7-4668-BE54-9A1E7A4F7556}") = "Tyuiu.SinitsinDV.Sprint3.Task1.V5", "Tyuiu.SinitsinDV.Sprint3.Task1.V5\Tyuiu.SinitsinDV.Sprint3.Task1.V5.csproj", "{D13C6FF6-2EC0-404D-869A-ADBF453C5F47}"
EndProject
Project("{9A19103F-16F7-4668-BE54-9A1E7A4F7556}") = "Tyuiu.SinitsinDV.Sprint3.Task1.V5.Lib", "Tyuiu.SinitsinDV.Sprint3.Task1.V5.Lib\Tyuiu.SinitsinDV.Sprint3.Task1.V5.Lib.csproj", "{B405D63E-DF9F-4B4B-BFB2-7AE0A3E9405E}"
EndProject
Project("{9A19103F-16F7-4668-BE54-9A1E7A4F7556}") = "Tyuiu.SinitsinDV.Sprint3.Task1.V5.Test", "Tyuiu.SinitsinDV.Sprint3.Task1.V5.Test\Tyuiu.SinitsinDV.Sprint3.Task1.V5.Test.csproj", "{F0854A38-65BF-4572-824F-5352424DE9E5}"
EndProject
Project("{9A19103F-16F7-4668-BE54-9A1E7A4F7556}") = "Tyuiu.SinitsinDV.Sprint3.Task2.V13", "Tyuiu.SinitsinDV.Sprint3.Task2.V13\Tyuiu.SinitsinDV.Sprint3.Task2.V13.csproj", "{9115210A-6579-425C-87B9-6E29BDADC2B6}"
EndProject
Project("{2150E333-8FDC-42A3-9474-1A3956D46DE8}") = "Task2", "Task2", "{1227568F-9136-4804-A3D3-5EAFEE50478B}"
EndProject
Project("{9A19103F-16F7-4668-BE54-9A1E7A4F7556}") = "Tyuiu.SinitsinDV.Sprint3.Task2.V13.Lib", "Tyuiu.SinitsinDV.Sprint3.Task2.V13.Lib\Tyuiu.SinitsinDV.Sprint3.Task2.V13.Lib.csproj", "{C07A1972-E019-43AC-B49B-C2224EFC42B5}"
EndProject
Project("{9A19103F-16F7-4668-BE54-9A1E7A4F7556}") = "Tyuiu.SinitsinDV.Sprint3.Task2.V13.Test", "Tyuiu.SinitsinDV.Sprint3.Task2.V13.Test\Tyuiu.SinitsinDV.Sprint3.Task2.V13.Test.csproj", "{053DC2F1-62FE-43DA-9F3C-ED9B65B5B59E}"
EndProject
Project("{2150E333-8FDC-42A3-9474-1A3956D46DE8}") = "Task3", "Task3", "{BAB0E4F9-7E20-460A-A801-7567239384AC}"
EndProject
Project("{9A19103F-16F7-4668-BE54-9A1E7A4F7556}") = "Tyuiu.SinitsinDV.Sprint3.Task3.V4", "Tyuiu.SinitsinDV.Sprint3.Task3.V4\Tyuiu.SinitsinDV.Sprint3.Task3.V4.csproj", "{40390229-97EA-4AF9-9817-4799D17C75E7}"
EndProject
Project("{9A19103F-16F7-4668-BE54-9A1E7A4F7556}") = "Tyuiu.SinitsinDV.Sprint3.Task3.V4.Lib", "Tyuiu.SinitsinDV.Sprint3.Task3.V4.Lib\Tyuiu.SinitsinDV.Sprint3.Task3.V4.Lib.csproj", "{247D1B15-FC7C-4E8E-BDC1-9469F12FA2FC}"
EndProject
Project("{9A19103F-16F7-4668-BE54-9A1E7A4F7556}") = "Tyuiu.SinitsinDV.Sprint3.Task3.V4.Test", "Tyuiu.SinitsinDV.Sprint3.Task3.V4.Test\Tyuiu.SinitsinDV.Sprint3.Task3.V4.Test.csproj", "{3FD08E00-DACF-422C-9C91-B6AF24B14DB3}"
EndProject
Project("{2150E333-8FDC-42A3-9474-1A3956D46DE8}") = "Task4", "Task4", "{549BAD39-BDB3-4957-884B-72B39728230E}"
EndProject
Project("{FAE04EC0-301F-11D3-BF4B-00C04F79EFBC}") = "Tyuiu.SinitsinDV.Sprint3.Task4.V24", "Tyuiu.SinitsinDV.Sprint3.Task4.V24\Tyuiu.SinitsinDV.Sprint3.Task4.V24.csproj", "{47838F54-FA6A-40A1-A2BD-20477FDF2C26}"
EndProject
Project("{FAE04EC0-301F-11D3-BF4B-00C04F79EFBC}") = "Tyuiu.SinitsinDV.Sprint3.Task4.V24.Lib", "Tyuiu.SinitsinDV.Sprint3.Task4.V24.Lib\Tyuiu.SinitsinDV.Sprint3.Task4.V24.Lib.csproj", "{088787CD-7D65-453E-B6A5-4E350BBBE626}"
EndProject
Project("{FAE04EC0-301F-11D3-BF4B-00C04F79EFBC}") = "Tyuiu.SinitsinDV.Sprint3.Task4.V24.Test", "Tyuiu.SinitsinDV.Sprint3.Task4.V24.Test\Tyuiu.SinitsinDV.Sprint3.Task4.V24.Test.csproj", "{66491BCA-DC8F-4E67-AF23-1F7D97966B7C}"
EndProject
Global
	GlobalSection(SolutionConfigurationPlatforms) = preSolution
		Debug|Any CPU = Debug|Any CPU
		Release|Any CPU = Release|Any CPU
	EndGlobalSection
	GlobalSection(ProjectConfigurationPlatforms) = postSolution
		{581747C7-896F-47F7-9A8F-336AC82A631C}.Debug|Any CPU.ActiveCfg = Debug|Any CPU
		{581747C7-896F-47F7-9A8F-336AC82A631C}.Debug|Any CPU.Build.0 = Debug|Any CPU
		{581747C7-896F-47F7-9A8F-336AC82A631C}.Release|Any CPU.ActiveCfg = Release|Any CPU
		{581747C7-896F-47F7-9A8F-336AC82A631C}.Release|Any CPU.Build.0 = Release|Any CPU
		{76F862B3-013E-4B12-B447-3B0666AA9194}.Debug|Any CPU.ActiveCfg = Debug|Any CPU
		{76F862B3-013E-4B12-B447-3B0666AA9194}.Debug|Any CPU.Build.0 = Debug|Any CPU
		{76F862B3-013E-4B12-B447-3B0666AA9194}.Release|Any CPU.ActiveCfg = Release|Any CPU
		{76F862B3-013E-4B12-B447-3B0666AA9194}.Release|Any CPU.Build.0 = Release|Any CPU
		{DC8A53E5-9560-4B60-92FE-BF95F1B171EA}.Debug|Any CPU.ActiveCfg = Debug|Any CPU
		{DC8A53E5-9560-4B60-92FE-BF95F1B171EA}.Debug|Any CPU.Build.0 = Debug|Any CPU
		{DC8A53E5-9560-4B60-92FE-BF95F1B171EA}.Release|Any CPU.ActiveCfg = Release|Any CPU
		{DC8A53E5-9560-4B60-92FE-BF95F1B171EA}.Release|Any CPU.Build.0 = Release|Any CPU
		{D13C6FF6-2EC0-404D-869A-ADBF453C5F47}.Debug|Any CPU.ActiveCfg = Debug|Any CPU
		{D13C6FF6-2EC0-404D-869A-ADBF453C5F47}.Debug|Any CPU.Build.0 = Debug|Any CPU
		{D13C6FF6-2EC0-404D-869A-ADBF453C5F47}.Release|Any CPU.ActiveCfg = Release|Any CPU
		{D13C6FF6-2EC0-404D-869A-ADBF453C5F47}.Release|Any CPU.Build.0 = Release|Any CPU
		{B405D63E-DF9F-4B4B-BFB2-7AE0A3E9405E}.Debug|Any CPU.ActiveCfg = Debug|Any CPU
		{B405D63E-DF9F-4B4B-BFB2-7AE0A3E9405E}.Debug|Any CPU.Build.0 = Debug|Any CPU
		{B405D63E-DF9F-4B4B-BFB2-7AE0A3E9405E}.Release|Any CPU.ActiveCfg = Release|Any CPU
		{B405D63E-DF9F-4B4B-BFB2-7AE0A3E9405E}.Release|Any CPU.Build.0 = Release|Any CPU
		{F0854A38-65BF-4572-824F-5352424DE9E5}.Debug|Any CPU.ActiveCfg = Debug|Any CPU
		{F0854A38-65BF-4572-824F-5352424DE9E5}.Debug|Any CPU.Build.0 = Debug|Any CPU
		{F0854A38-65BF-4572-824F-5352424DE9E5}.Release|Any CPU.ActiveCfg = Release|Any CPU
		{F0854A38-65BF-4572-824F-5352424DE9E5}.Release|Any CPU.Build.0 = Release|Any CPU
		{9115210A-6579-425C-87B9-6E29BDADC2B6}.Debug|Any CPU.ActiveCfg = Debug|Any CPU
		{9115210A-6579-425C-87B9-6E29BDADC2B6}.Debug|Any CPU.Build.0 = Debug|Any CPU
		{9115210A-6579-425C-87B9-6E29BDADC2B6}.Release|Any CPU.ActiveCfg = Release|Any CPU
		{9115210A-6579-425C-87B9-6E29BDADC2B6}.Release|Any CPU.Build.0 = Release|Any CPU
		{C07A1972-E019-43AC-B49B-C2224EFC42B5}.Debug|Any CPU.ActiveCfg = Debug|Any CPU
		{C07A1972-E019-43AC-B49B-C2224EFC42B5}.Debug|Any CPU.Build.0 = Debug|Any CPU
		{C07A1972-E019-43AC-B49B-C2224EFC42B5}.Release|Any CPU.ActiveCfg = Release|Any CPU
		{C07A1972-E019-43AC-B49B-C2224EFC42B5}.Release|Any CPU.Build.0 = Release|Any CPU
		{053DC2F1-62FE-43DA-9F3C-ED9B65B5B59E}.Debug|Any CPU.ActiveCfg = Debug|Any CPU
		{053DC2F1-62FE-43DA-9F3C-ED9B65B5B59E}.Debug|Any CPU.Build.0 = Debug|Any CPU
		{053DC2F1-62FE-43DA-9F3C-ED9B65B5B59E}.Release|Any CPU.ActiveCfg = Release|Any CPU
		{053DC2F1-62FE-43DA-9F3C-ED9B65B5B59E}.Release|Any CPU.Build.0 = Release|Any CPU
		{40390229-97EA-4AF9-9817-4799D17C75E7}.Debug|Any CPU.ActiveCfg = Debug|Any CPU
		{40390229-97EA-4AF9-9817-4799D17C75E7}.Debug|Any CPU.Build.0 = Debug|Any CPU
		{40390229-97EA-4AF9-9817-4799D17C75E7}.Release|Any CPU.ActiveCfg = Release|Any CPU
		{40390229-97EA-4AF9-9817-4799D17C75E7}.Release|Any CPU.Build.0 = Release|Any CPU
		{247D1B15-FC7C-4E8E-BDC1-9469F12FA2FC}.Debug|Any CPU.ActiveCfg = Debug|Any CPU
		{247D1B15-FC7C-4E8E-BDC1-9469F12FA2FC}.Debug|Any CPU.Build.0 = Debug|Any CPU
		{247D1B15-FC7C-4E8E-BDC1-9469F12FA2FC}.Release|Any CPU.ActiveCfg = Release|Any CPU
		{247D1B15-FC7C-4E8E-BDC1-9469F12FA2FC}.Release|Any CPU.Build.0 = Release|Any CPU
		{3FD08E00-DACF-422C-9C91-B6AF24B14DB3}.Debug|Any CPU.ActiveCfg = Debug|Any CPU
		{3FD08E00-DACF-422C-9C91-B6AF24B14DB3}.Debug|Any CPU.Build.0 = Debug|Any CPU
		{3FD08E00-DACF-422C-9C91-B6AF24B14DB3}.Release|Any CPU.ActiveCfg = Release|Any CPU
		{3FD08E00-DACF-422C-9C91-B6AF24B14DB3}.Release|Any CPU.Build.0 = Release|Any CPU
		{47838F54-FA6A-40A1-A2BD-20477FDF2C26}.Debug|Any CPU.ActiveCfg = Debug|Any CPU
		{47838F54-FA6A-40A1-A2BD-20477FDF2C26}.Debug|Any CPU.Build.0 = Debug|Any CPU
		{47838F54-FA6A-40A1-A2BD-20477FDF2C26}.Release|Any CPU.ActiveCfg = Release|Any CPU
		{47838F54-FA6A-40A1-A2BD-20477FDF2C26}.Release|Any CPU.Build.0 = Release|Any CPU
		{088787CD-7D65-453E-B6A5-4E350BBBE626}.Debug|Any CPU.ActiveCfg = Debug|Any CPU
		{088787CD-7D65-453E-B6A5-4E350BBBE626}.Debug|Any CPU.Build.0 = Debug|Any CPU
		{088787CD-7D65-453E-B6A5-4E350BBBE626}.Release|Any CPU.ActiveCfg = Release|Any CPU
		{088787CD-7D65-453E-B6A5-4E350BBBE626}.Release|Any CPU.Build.0 = Release|Any CPU
		{66491BCA-DC8F-4E67-AF23-1F7D97966B7C}.Debug|Any CPU.ActiveCfg = Debug|Any CPU
		{66491BCA-DC8F-4E67-AF23-1F7D97966B7C}.Debug|Any CPU.Build.0 = Debug|Any CPU
		{66491BCA-DC8F-4E67-AF23-1F7D97966B7C}.Release|Any CPU.ActiveCfg = Release|Any CPU
		{66491BCA-DC8F-4E67-AF23-1F7D97966B7C}.Release|Any CPU.Build.0 = Release|Any CPU
	EndGlobalSection
	GlobalSection(SolutionProperties) = preSolution
		HideSolutionNode = FALSE
	EndGlobalSection
	GlobalSection(NestedProjects) = preSolution
		{581747C7-896F-47F7-9A8F-336AC82A631C} = {40C068C5-E2B5-468F-ADB9-2DBF40A8517C}
		{76F862B3-013E-4B12-B447-3B0666AA9194} = {40C068C5-E2B5-468F-ADB9-2DBF40A8517C}
		{DC8A53E5-9560-4B60-92FE-BF95F1B171EA} = {40C068C5-E2B5-468F-ADB9-2DBF40A8517C}
		{D13C6FF6-2EC0-404D-869A-ADBF453C5F47} = {95EEF305-6AD6-40EA-A659-9D86FB99B413}
		{B405D63E-DF9F-4B4B-BFB2-7AE0A3E9405E} = {95EEF305-6AD6-40EA-A659-9D86FB99B413}
		{F0854A38-65BF-4572-824F-5352424DE9E5} = {95EEF305-6AD6-40EA-A659-9D86FB99B413}
		{9115210A-6579-425C-87B9-6E29BDADC2B6} = {1227568F-9136-4804-A3D3-5EAFEE50478B}
		{C07A1972-E019-43AC-B49B-C2224EFC42B5} = {1227568F-9136-4804-A3D3-5EAFEE50478B}
		{053DC2F1-62FE-43DA-9F3C-ED9B65B5B59E} = {1227568F-9136-4804-A3D3-5EAFEE50478B}
		{40390229-97EA-4AF9-9817-4799D17C75E7} = {BAB0E4F9-7E20-460A-A801-7567239384AC}
		{247D1B15-FC7C-4E8E-BDC1-9469F12FA2FC} = {BAB0E4F9-7E20-460A-A801-7567239384AC}
		{3FD08E00-DACF-422C-9C91-B6AF24B14DB3} = {BAB0E4F9-7E20-460A-A801-7567239384AC}
		{47838F54-FA6A-40A1-A2BD-20477FDF2C26} = {549BAD39-BDB3-4957-884B-72B39728230E}
		{088787CD-7D65-453E-B6A5-4E350BBBE626} = {549BAD39-BDB3-4957-884B-72B39728230E}
		{66491BCA-DC8F-4E67-AF23-1F7D97966B7C} = {549BAD39-BDB3-4957-884B-72B39728230E}
	EndGlobalSection
	GlobalSection(ExtensibilityGlobals) = postSolution
		SolutionGuid = {C1F554A3-B52D-4FFE-99F7-387DB03C65C8}
	EndGlobalSection
EndGlobal
